
Microsoft Visual Studio Solution File, Format Version 12.00
# Visual Studio Version 17
VisualStudioVersion = 17.7.34024.191
MinimumVisualStudioVersion = 10.0.40219.1
Project("{FAE04EC0-301F-11D3-BF4B-00C04F79EFBC}") = "DZ5.1", "DZ5.1\DZ5.1.csproj", "{FAEA23FD-9DAA-4E6B-88BD-3CACB1471ACE}"
EndProject
Global
	GlobalSection(SolutionConfigurationPlatforms) = preSolution
		Debug|Any CPU = Debug|Any CPU
		Release|Any CPU = Release|Any CPU
	EndGlobalSection
	GlobalSection(ProjectConfigurationPlatforms) = postSolution
		{FAEA23FD-9DAA-4E6B-88BD-3CACB1471ACE}.Debug|Any CPU.ActiveCfg = Debug|Any CPU
		{FAEA23FD-9DAA-4E6B-88BD-3CACB1471ACE}.Debug|Any CPU.Build.0 = Debug|Any CPU
		{FAEA23FD-9DAA-4E6B-88BD-3CACB1471ACE}.Release|Any CPU.ActiveCfg = Release|Any CPU
		{FAEA23FD-9DAA-4E6B-88BD-3CACB1471ACE}.Release|Any CPU.Build.0 = Release|Any CPU
	EndGlobalSection
	GlobalSection(SolutionProperties) = preSolution
		HideSolutionNode = FALSE
	EndGlobalSection
	GlobalSection(ExtensibilityGlobals) = postSolution
		SolutionGuid = {7F0C85AD-1E48-49CB-8AA6-FEA3CAC49279}
	EndGlobalSection
EndGlobal
